
Microsoft Visual Studio Solution File, Format Version 12.00
# Visual Studio Version 17
VisualStudioVersion = 17.11.35431.28
MinimumVisualStudioVersion = 10.0.40219.1
Project("{FAE04EC0-301F-11D3-BF4B-00C04F79EFBC}") = "ProductLab_2", "ProductLab_2\ProductLab_2.csproj", "{7A0C6334-BF2B-471D-BBAC-371212357D63}"
EndProject
Global
	GlobalSection(SolutionConfigurationPlatforms) = preSolution
		Debug|Any CPU = Debug|Any CPU
		Release|Any CPU = Release|Any CPU
	EndGlobalSection
	GlobalSection(ProjectConfigurationPlatforms) = postSolution
		{7A0C6334-BF2B-471D-BBAC-371212357D63}.Debug|Any CPU.ActiveCfg = Debug|Any CPU
		{7A0C6334-BF2B-471D-BBAC-371212357D63}.Debug|Any CPU.Build.0 = Debug|Any CPU
		{7A0C6334-BF2B-471D-BBAC-371212357D63}.Release|Any CPU.ActiveCfg = Release|Any CPU
		{7A0C6334-BF2B-471D-BBAC-371212357D63}.Release|Any CPU.Build.0 = Release|Any CPU
	EndGlobalSection
	GlobalSection(SolutionProperties) = preSolution
		HideSolutionNode = FALSE
	EndGlobalSection
	GlobalSection(ExtensibilityGlobals) = postSolution
		SolutionGuid = {39001CC9-EA67-423A-846B-6C21CFA31789}
	EndGlobalSection
EndGlobal
